
Microsoft Visual Studio Solution File, Format Version 11.00
# Visual Studio 2010
Project("{FAE04EC0-301F-11D3-BF4B-00C04F79EFBC}") = "Assembly-CSharp-Editor", "Assembly-CSharp-Editor.csproj", "{B55A5912-8214-72DA-9134-DEE13AD944EC}"
EndProject
Project("{FAE04EC0-301F-11D3-BF4B-00C04F79EFBC}") = "Assembly-CSharp-Editor-firstpass", "Assembly-CSharp-Editor-firstpass.csproj", "{1BE25209-D19F-CDB8-60C5-B30153518097}"
EndProject
Global
	GlobalSection(SolutionConfigurationPlatforms) = preSolution
		Debug|Any CPU = Debug|Any CPU
		Release|Any CPU = Release|Any CPU
	EndGlobalSection
	GlobalSection(ProjectConfigurationPlatforms) = postSolution
		{B55A5912-8214-72DA-9134-DEE13AD944EC}.Debug|Any CPU.ActiveCfg = Debug|Any CPU
		{B55A5912-8214-72DA-9134-DEE13AD944EC}.Debug|Any CPU.Build.0 = Debug|Any CPU
		{B55A5912-8214-72DA-9134-DEE13AD944EC}.Release|Any CPU.ActiveCfg = Release|Any CPU
		{B55A5912-8214-72DA-9134-DEE13AD944EC}.Release|Any CPU.Build.0 = Release|Any CPU
		{1BE25209-D19F-CDB8-60C5-B30153518097}.Debug|Any CPU.ActiveCfg = Debug|Any CPU
		{1BE25209-D19F-CDB8-60C5-B30153518097}.Debug|Any CPU.Build.0 = Debug|Any CPU
		{1BE25209-D19F-CDB8-60C5-B30153518097}.Release|Any CPU.ActiveCfg = Release|Any CPU
		{1BE25209-D19F-CDB8-60C5-B30153518097}.Release|Any CPU.Build.0 = Release|Any CPU
	EndGlobalSection
	GlobalSection(SolutionProperties) = preSolution
		HideSolutionNode = FALSE
	EndGlobalSection
	GlobalSection(MonoDevelopProperties) = preSolution
		StartupItem = Assembly-CSharp.csproj
	EndGlobalSection
EndGlobal
